
Microsoft Visual Studio Solution File, Format Version 12.00
# Visual Studio 15
VisualStudioVersion = 15.0.28307.852
MinimumVisualStudioVersion = 10.0.40219.1
Project("{FAE04EC0-301F-11D3-BF4B-00C04F79EFBC}") = "VetApp", "VetApp\VetApp.csproj", "{BF1DDD2F-97AB-45F1-9303-6AEC642B372F}"
EndProject
Global
	GlobalSection(SolutionConfigurationPlatforms) = preSolution
		Debug|Any CPU = Debug|Any CPU
		Release|Any CPU = Release|Any CPU
	EndGlobalSection
	GlobalSection(ProjectConfigurationPlatforms) = postSolution
		{BF1DDD2F-97AB-45F1-9303-6AEC642B372F}.Debug|Any CPU.ActiveCfg = Debug|Any CPU
		{BF1DDD2F-97AB-45F1-9303-6AEC642B372F}.Debug|Any CPU.Build.0 = Debug|Any CPU
		{BF1DDD2F-97AB-45F1-9303-6AEC642B372F}.Release|Any CPU.ActiveCfg = Release|Any CPU
		{BF1DDD2F-97AB-45F1-9303-6AEC642B372F}.Release|Any CPU.Build.0 = Release|Any CPU
	EndGlobalSection
	GlobalSection(SolutionProperties) = preSolution
		HideSolutionNode = FALSE
	EndGlobalSection
	GlobalSection(ExtensibilityGlobals) = postSolution
		SolutionGuid = {AEBF3AC6-D710-49C4-8409-18C2D4E284A9}
	EndGlobalSection
EndGlobal
